
Microsoft Visual Studio Solution File, Format Version 12.00
# Visual Studio Version 17
VisualStudioVersion = 17.2.32526.322
MinimumVisualStudioVersion = 10.0.40219.1
Project("{2150E333-8FDC-42A3-9474-1A3956D46DE8}") = "Services", "Services", "{F8ECD101-797C-4E65-81F8-FAB5DC03540D}"
EndProject
Project("{2150E333-8FDC-42A3-9474-1A3956D46DE8}") = "Catalog", "Catalog", "{B7C6F72D-5992-445C-94C8-F13E298B9BEC}"
EndProject
Project("{9A19103F-16F7-4668-BE54-9A1E7A4F7556}") = "Catalog.API", "Services\Catalog\Catalog.API\Catalog.API.csproj", "{624B1DF3-CFA1-4562-9A21-EB0434E85207}"
EndProject
Project("{E53339B2-1760-4266-BCC7-CA923CBCF16C}") = "docker-compose", "docker-compose.dcproj", "{A526C89A-354A-42B7-8F81-094A8CF600AB}"
EndProject
Project("{2150E333-8FDC-42A3-9474-1A3956D46DE8}") = "Basket", "Basket", "{97717F56-BE65-4EFC-AFA2-93CBDDCC0A94}"
EndProject
Project("{9A19103F-16F7-4668-BE54-9A1E7A4F7556}") = "Basket.API", "Services\Basket\Basket.API\Basket.API.csproj", "{735CD171-806F-442B-843D-BFE059AA833A}"
EndProject
Project("{2150E333-8FDC-42A3-9474-1A3956D46DE8}") = "Discount", "Discount", "{C27B7945-E8C0-4B5C-B8D7-F375FD35A8E7}"
EndProject
Project("{FAE04EC0-301F-11D3-BF4B-00C04F79EFBC}") = "Discount.API", "Services\Discount\Discount.API\Discount.API.csproj", "{C21D99DE-3226-4178-B52D-3D2D93E58D94}"
EndProject
Global
	GlobalSection(SolutionConfigurationPlatforms) = preSolution
		Debug|Any CPU = Debug|Any CPU
		Release|Any CPU = Release|Any CPU
	EndGlobalSection
	GlobalSection(ProjectConfigurationPlatforms) = postSolution
		{624B1DF3-CFA1-4562-9A21-EB0434E85207}.Debug|Any CPU.ActiveCfg = Debug|Any CPU
		{624B1DF3-CFA1-4562-9A21-EB0434E85207}.Debug|Any CPU.Build.0 = Debug|Any CPU
		{624B1DF3-CFA1-4562-9A21-EB0434E85207}.Release|Any CPU.ActiveCfg = Release|Any CPU
		{624B1DF3-CFA1-4562-9A21-EB0434E85207}.Release|Any CPU.Build.0 = Release|Any CPU
		{A526C89A-354A-42B7-8F81-094A8CF600AB}.Debug|Any CPU.ActiveCfg = Debug|Any CPU
		{A526C89A-354A-42B7-8F81-094A8CF600AB}.Debug|Any CPU.Build.0 = Debug|Any CPU
		{A526C89A-354A-42B7-8F81-094A8CF600AB}.Release|Any CPU.ActiveCfg = Release|Any CPU
		{A526C89A-354A-42B7-8F81-094A8CF600AB}.Release|Any CPU.Build.0 = Release|Any CPU
		{735CD171-806F-442B-843D-BFE059AA833A}.Debug|Any CPU.ActiveCfg = Debug|Any CPU
		{735CD171-806F-442B-843D-BFE059AA833A}.Debug|Any CPU.Build.0 = Debug|Any CPU
		{735CD171-806F-442B-843D-BFE059AA833A}.Release|Any CPU.ActiveCfg = Release|Any CPU
		{735CD171-806F-442B-843D-BFE059AA833A}.Release|Any CPU.Build.0 = Release|Any CPU
		{C21D99DE-3226-4178-B52D-3D2D93E58D94}.Debug|Any CPU.ActiveCfg = Debug|Any CPU
		{C21D99DE-3226-4178-B52D-3D2D93E58D94}.Debug|Any CPU.Build.0 = Debug|Any CPU
		{C21D99DE-3226-4178-B52D-3D2D93E58D94}.Release|Any CPU.ActiveCfg = Release|Any CPU
		{C21D99DE-3226-4178-B52D-3D2D93E58D94}.Release|Any CPU.Build.0 = Release|Any CPU
	EndGlobalSection
	GlobalSection(SolutionProperties) = preSolution
		HideSolutionNode = FALSE
	EndGlobalSection
	GlobalSection(NestedProjects) = preSolution
		{B7C6F72D-5992-445C-94C8-F13E298B9BEC} = {F8ECD101-797C-4E65-81F8-FAB5DC03540D}
		{624B1DF3-CFA1-4562-9A21-EB0434E85207} = {B7C6F72D-5992-445C-94C8-F13E298B9BEC}
		{97717F56-BE65-4EFC-AFA2-93CBDDCC0A94} = {F8ECD101-797C-4E65-81F8-FAB5DC03540D}
		{735CD171-806F-442B-843D-BFE059AA833A} = {97717F56-BE65-4EFC-AFA2-93CBDDCC0A94}
		{C27B7945-E8C0-4B5C-B8D7-F375FD35A8E7} = {F8ECD101-797C-4E65-81F8-FAB5DC03540D}
		{C21D99DE-3226-4178-B52D-3D2D93E58D94} = {C27B7945-E8C0-4B5C-B8D7-F375FD35A8E7}
	EndGlobalSection
	GlobalSection(ExtensibilityGlobals) = postSolution
		SolutionGuid = {867C0BD7-88C9-4693-B63B-015A09136429}
	EndGlobalSection
EndGlobal
